{
  "name": "firstbootstrap",
  "version": "1.0.0",
  "description": "bootstrap homework",
  "main": "index.js",
  "scripts": {
    "test": "echo \"Error: no test specified\" && exit 1"
  },
  "repository": {
    "type": "git",
    "url": "git+https://github.com/MoreCoke/firstBootstrap.git"
  },
  "author": "William",
  "license": "ISC",
  "bugs": {
    "url": "https://github.com/MoreCoke/firstBootstrap/issues"
  },
  "homepage": "https://github.com/MoreCoke/firstBootstrap#readme",
  "dependencies": {
    "bootstrap": "^4.3.1",
    "jquery": "^3.4.1",
    "popper.js": "^1.14.7"
  }
}
